lockfileVersion: 5.4

specifiers:
  '@ant-design/icons-vue': ^6.1.0
  animate.css: ^4.1.1
  ant-design-vue: ^3.2.17
  axios: ^1.3.5
  lodash-es: ^4.17.21

dependencies:
  '@ant-design/icons-vue': 6.1.0
  animate.css: 4.1.1
  ant-design-vue: 3.2.17
  axios: 1.3.5
  lodash-es: 4.17.21

packages:

  /@ant-design/colors/6.0.0:
    resolution: {integrity: sha512-qAZRvPzfdWHtfameEGP2Qvuf838NhergR35o+EuVyB5XvSA98xod5r4utvi4TJ3ywmevm290g9nsCG5MryrdWQ==}
    dependencies:
      '@ctrl/tinycolor': 3.6.0
    dev: false

  /@ant-design/icons-svg/4.2.1:
    resolution: {integrity: sha512-EB0iwlKDGpG93hW8f85CTJTs4SvMX7tt5ceupvhALp1IF44SeUFOMhKUOYqpsoYWQKAOuTRDMqn75rEaKDp0Xw==}
    dev: false

  /@ant-design/icons-vue/6.1.0:
    resolution: {integrity: sha512-EX6bYm56V+ZrKN7+3MT/ubDkvJ5rK/O2t380WFRflDcVFgsvl3NLH7Wxeau6R8DbrO5jWR6DSTC3B6gYFp77AA==}
    peerDependencies:
      vue: '>=3.0.3'
    dependencies:
      '@ant-design/colors': 6.0.0
      '@ant-design/icons-svg': 4.2.1
    dev: false

  /@babel/runtime/7.21.0:
    resolution: {integrity: sha512-xwII0//EObnq89Ji5AKYQaRYiW/nZ3llSv29d49IuxPhKbtJoLP+9QUUZ4nVragQVtaVGeZrpB+ZtG/Pdy/POw==}
    engines: {node: '>=6.9.0'}
    dependencies:
      regenerator-runtime: 0.13.11
    dev: false

  /@ctrl/tinycolor/3.6.0:
    resolution: {integrity: sha512-/Z3l6pXthq0JvMYdUFyX9j0MaCltlIn6mfh9jLyQwg5aPKxkyNa0PTHtU1AlFXLNk55ZuAeJRcpvq+tmLfKmaQ==}
    engines: {node: '>=10'}
    dev: false

  /@simonwep/pickr/1.8.2:
    resolution: {integrity: sha512-/l5w8BIkrpP6n1xsetx9MWPWlU6OblN5YgZZphxan0Tq4BByTCETL6lyIeY8lagalS2Nbt4F2W034KHLIiunKA==}
    dependencies:
      core-js: 3.30.0
      nanopop: 2.2.0
    dev: false

  /animate.css/4.1.1:
    resolution: {integrity: sha512-+mRmCTv6SbCmtYJCN4faJMNFVNN5EuCTTprDTAo7YzIGji2KADmakjVA3+8mVDkZ2Bf09vayB35lSQIex2+QaQ==}
    dev: false

  /ant-design-vue/3.2.17:
    resolution: {integrity: sha512-fUHC1PRF3/UTDu7WjaKq2awyqET2mGfEytNOjfbUrvq5Q4AzNghzJlCWh1saCuA+VjnRRBCYu34StZ44cDmbFg==}
    engines: {node: '>=12.22.0'}
    peerDependencies:
      vue: '>=3.2.0'
    dependencies:
      '@ant-design/colors': 6.0.0
      '@ant-design/icons-vue': 6.1.0
      '@babel/runtime': 7.21.0
      '@ctrl/tinycolor': 3.6.0
      '@simonwep/pickr': 1.8.2
      array-tree-filter: 2.1.0
      async-validator: 4.2.5
      dayjs: 1.11.7
      dom-align: 1.12.4
      dom-scroll-into-view: 2.0.1
      lodash: 4.17.21
      lodash-es: 4.17.21
      resize-observer-polyfill: 1.5.1
      scroll-into-view-if-needed: 2.2.31
      shallow-equal: 1.2.1
      vue-types: 3.0.2
      warning: 4.0.3
    dev: false

  /array-tree-filter/2.1.0:
    resolution: {integrity: sha512-4ROwICNlNw/Hqa9v+rk5h22KjmzB1JGTMVKP2AKJBOCgb0yL0ASf0+YvCcLNNwquOHNX48jkeZIJ3a+oOQqKcw==}
    dev: false

  /async-validator/4.2.5:
    resolution: {integrity: sha512-7HhHjtERjqlNbZtqNqy2rckN/SpOOlmDliet+lP7k+eKZEjPk3DgyeU9lIXLdeLz0uBbbVp+9Qdow9wJWgwwfg==}
    dev: false

  /asynckit/0.4.0:
    resolution: {integrity: sha512-Oei9OH4tRh0YqU3GxhX79dM/mwVgvbZJaSNaRk+bshkj0S5cfHcgYakreBjrHwatXKbz+IoIdYLxrKim2MjW0Q==}
    dev: false

  /axios/1.3.5:
    resolution: {integrity: sha512-glL/PvG/E+xCWwV8S6nCHcrfg1exGx7vxyUIivIA1iL7BIh6bePylCfVHwp6k13ao7SATxB6imau2kqY+I67kw==}
    dependencies:
      follow-redirects: 1.15.2
      form-data: 4.0.0
      proxy-from-env: 1.1.0
    transitivePeerDependencies:
      - debug
    dev: false

  /combined-stream/1.0.8:
    resolution: {integrity: sha512-FQN4MRfuJeHf7cBbBMJFXhKSDq+2kAArBlmRBvcvFE5BB1HZKXtSFASDhdlz9zOYwxh8lDdnvmMOe/+5cdoEdg==}
    engines: {node: '>= 0.8'}
    dependencies:
      delayed-stream: 1.0.0
    dev: false

  /compute-scroll-into-view/1.0.20:
    resolution: {integrity: sha512-UCB0ioiyj8CRjtrvaceBLqqhZCVP+1B8+NWQhmdsm0VXOJtobBCf1dBQmebCCo34qZmUwZfIH2MZLqNHazrfjg==}
    dev: false

  /core-js/3.30.0:
    resolution: {integrity: sha512-hQotSSARoNh1mYPi9O2YaWeiq/cEB95kOrFb4NCrO4RIFt1qqNpKsaE+vy/L3oiqvND5cThqXzUU3r9F7Efztg==}
    requiresBuild: true
    dev: false

  /dayjs/1.11.7:
    resolution: {integrity: sha512-+Yw9U6YO5TQohxLcIkrXBeY73WP3ejHWVvx8XCk3gxvQDCTEmS48ZrSZCKciI7Bhl/uCMyxYtE9UqRILmFphkQ==}
    dev: false

  /delayed-stream/1.0.0:
    resolution: {integrity: sha512-ZySD7Nf91aLB0RxL4KGrKHBXl7Eds1DAmEdcoVawXnLD7SDhpNgtuII2aAkg7a7QS41jxPSZ17p4VdGnMHk3MQ==}
    engines: {node: '>=0.4.0'}
    dev: false

  /dom-align/1.12.4:
    resolution: {integrity: sha512-R8LUSEay/68zE5c8/3BDxiTEvgb4xZTF0RKmAHfiEVN3klfIpXfi2/QCoiWPccVQ0J/ZGdz9OjzL4uJEP/MRAw==}
    dev: false

  /dom-scroll-into-view/2.0.1:
    resolution: {integrity: sha512-bvVTQe1lfaUr1oFzZX80ce9KLDlZ3iU+XGNE/bz9HnGdklTieqsbmsLHe+rT2XWqopvL0PckkYqN7ksmm5pe3w==}
    dev: false

  /follow-redirects/1.15.2:
    resolution: {integrity: sha512-VQLG33o04KaQ8uYi2tVNbdrWp1QWxNNea+nmIB4EVM28v0hmP17z7aG1+wAkNzVq4KeXTq3221ye5qTJP91JwA==}
    engines: {node: '>=4.0'}
    peerDependencies:
      debug: '*'
    peerDependenciesMeta:
      debug:
        optional: true
    dev: false

  /form-data/4.0.0:
    resolution: {integrity: sha512-ETEklSGi5t0QMZuiXoA/Q6vcnxcLQP5vdugSpuAyi6SVGi2clPPp+xgEhuMaHC+zGgn31Kd235W35f7Hykkaww==}
    engines: {node: '>= 6'}
    dependencies:
      asynckit: 0.4.0
      combined-stream: 1.0.8
      mime-types: 2.1.35
    dev: false

  /is-plain-object/3.0.1:
    resolution: {integrity: sha512-Xnpx182SBMrr/aBik8y+GuR4U1L9FqMSojwDQwPMmxyC6bvEqly9UBCxhauBF5vNh2gwWJNX6oDV7O+OM4z34g==}
    engines: {node: '>=0.10.0'}
    dev: false

  /js-tokens/4.0.0:
    resolution: {integrity: sha512-RdJUflcE3cUzKiMqQgsCu06FPu9UdIJO0beYbPhHN4k6apgJtifcoCtT9bcxOpYBtpD2kCM6Sbzg4CausW/PKQ==}
    dev: false

  /lodash-es/4.17.21:
    resolution: {integrity: sha512-mKnC+QJ9pWVzv+C4/U3rRsHapFfHvQFoFB92e52xeyGMcX6/OlIl78je1u8vePzYZSkkogMPJ2yjxxsb89cxyw==}
    dev: false

  /lodash/4.17.21:
    resolution: {integrity: sha512-v2kDEe57lecTulaDIuNTPy3Ry4gLGJ6Z1O3vE1krgXZNrsQ+LFTGHVxVjcXPs17LhbZVGedAJv8XZ1tvj5FvSg==}
    dev: false

  /loose-envify/1.4.0:
    resolution: {integrity: sha512-lyuxPGr/Wfhrlem2CL/UcnUc1zcqKAImBDzukY7Y5F/yQiNdko6+fRLevlw1HgMySw7f611UIY408EtxRSoK3Q==}
    hasBin: true
    dependencies:
      js-tokens: 4.0.0
    dev: false

  /mime-db/1.52.0:
    resolution: {integrity: sha512-sPU4uV7dYlvtWJxwwxHD0PuihVNiE7TyAbQ5SWxDCB9mUYvOgroQOwYQQOKPJ8CIbE+1ETVlOoK1UC2nU3gYvg==}
    engines: {node: '>= 0.6'}
    dev: false

  /mime-types/2.1.35:
    resolution: {integrity: sha512-ZDY+bPm5zTTF+YpCrAU9nK0UgICYPT0QtT1NZWFv4s++TNkcgVaT0g6+4R2uI4MjQjzysHB1zxuWL50hzaeXiw==}
    engines: {node: '>= 0.6'}
    dependencies:
      mime-db: 1.52.0
    dev: false

  /nanopop/2.2.0:
    resolution: {integrity: sha512-E9JaHcxh3ere8/BEZHAcnuD10RluTSPyTToBvoFWS9/7DcCx6gyKjbn7M7Bx7E1veCxCuY1iO6h4+gdAf1j73Q==}
    dev: false

  /proxy-from-env/1.1.0:
    resolution: {integrity: sha512-D+zkORCbA9f1tdWRK0RaCR3GPv50cMxcrz4X8k5LTSUD1Dkw47mKJEZQNunItRTkWwgtaUSo1RVFRIG9ZXiFYg==}
    dev: false

  /regenerator-runtime/0.13.11:
    resolution: {integrity: sha512-kY1AZVr2Ra+t+piVaJ4gxaFaReZVH40AKNo7UCX6W+dEwBo/2oZJzqfuN1qLq1oL45o56cPaTXELwrTh8Fpggg==}
    dev: false

  /resize-observer-polyfill/1.5.1:
    resolution: {integrity: sha512-LwZrotdHOo12nQuZlHEmtuXdqGoOD0OhaxopaNFxWzInpEgaLWoVuAMbTzixuosCx2nEG58ngzW3vxdWoxIgdg==}
    dev: false

  /scroll-into-view-if-needed/2.2.31:
    resolution: {integrity: sha512-dGCXy99wZQivjmjIqihaBQNjryrz5rueJY7eHfTdyWEiR4ttYpsajb14rn9s5d4DY4EcY6+4+U/maARBXJedkA==}
    dependencies:
      compute-scroll-into-view: 1.0.20
    dev: false

  /shallow-equal/1.2.1:
    resolution: {integrity: sha512-S4vJDjHHMBaiZuT9NPb616CSmLf618jawtv3sufLl6ivK8WocjAo58cXwbRV1cgqxH0Qbv+iUt6m05eqEa2IRA==}
    dev: false

  /vue-types/3.0.2:
    resolution: {integrity: sha512-IwUC0Aq2zwaXqy74h4WCvFCUtoV0iSWr0snWnE9TnU18S66GAQyqQbRf2qfJtUuiFsBf6qp0MEwdonlwznlcrw==}
    engines: {node: '>=10.15.0'}
    peerDependencies:
      vue: ^3.0.0
    dependencies:
      is-plain-object: 3.0.1
    dev: false

  /warning/4.0.3:
    resolution: {integrity: sha512-rpJyN222KWIvHJ/F53XSZv0Zl/accqHR8et1kpaMTD/fLCRxtV8iX8czMzY7sVZupTI3zcUTg8eycS2kNF9l6w==}
    dependencies:
      loose-envify: 1.4.0
    dev: false
